
Microsoft Visual Studio Solution File, Format Version 12.00
# Visual Studio 15
VisualStudioVersion = 15.0.27004.2002
MinimumVisualStudioVersion = 10.0.40219.1
Project("{FAE04EC0-301F-11D3-BF4B-00C04F79EFBC}") = "ConsoleApp1", "ConsoleApp1\ConsoleApp1.csproj", "{98338EC5-D346-4B6E-85EC-9C7B8DA53EC3}"
EndProject
Project("{FAE04EC0-301F-11D3-BF4B-00C04F79EFBC}") = "WelcomeMessage", "WelcomeMessage\WelcomeMessage.csproj", "{8C454EF0-458A-4D1E-8310-640CAD42505A}"
EndProject
Project("{FAE04EC0-301F-11D3-BF4B-00C04F79EFBC}") = "Number Fun", "Number Fun\Number Fun.csproj", "{835BE4E7-1DA2-4AE3-9637-D84D572E6C64}"
EndProject
Project("{FAE04EC0-301F-11D3-BF4B-00C04F79EFBC}") = "PickADoor", "PickADoor\PickADoor.csproj", "{A796AD09-F651-4025-AA5E-807AE8E46CB2}"
EndProject
Project("{FAE04EC0-301F-11D3-BF4B-00C04F79EFBC}") = "AgeProgram", "AgeProgram\AgeProgram.csproj", "{44C93EC0-A2A7-4FB3-B8DC-BCA78931A67D}"
EndProject
Global
	GlobalSection(SolutionConfigurationPlatforms) = preSolution
		Debug|Any CPU = Debug|Any CPU
		Release|Any CPU = Release|Any CPU
	EndGlobalSection
	GlobalSection(ProjectConfigurationPlatforms) = postSolution
		{98338EC5-D346-4B6E-85EC-9C7B8DA53EC3}.Debug|Any CPU.ActiveCfg = Debug|Any CPU
		{98338EC5-D346-4B6E-85EC-9C7B8DA53EC3}.Debug|Any CPU.Build.0 = Debug|Any CPU
		{98338EC5-D346-4B6E-85EC-9C7B8DA53EC3}.Release|Any CPU.ActiveCfg = Release|Any CPU
		{98338EC5-D346-4B6E-85EC-9C7B8DA53EC3}.Release|Any CPU.Build.0 = Release|Any CPU
		{8C454EF0-458A-4D1E-8310-640CAD42505A}.Debug|Any CPU.ActiveCfg = Debug|Any CPU
		{8C454EF0-458A-4D1E-8310-640CAD42505A}.Debug|Any CPU.Build.0 = Debug|Any CPU
		{8C454EF0-458A-4D1E-8310-640CAD42505A}.Release|Any CPU.ActiveCfg = Release|Any CPU
		{8C454EF0-458A-4D1E-8310-640CAD42505A}.Release|Any CPU.Build.0 = Release|Any CPU
		{835BE4E7-1DA2-4AE3-9637-D84D572E6C64}.Debug|Any CPU.ActiveCfg = Debug|Any CPU
		{835BE4E7-1DA2-4AE3-9637-D84D572E6C64}.Debug|Any CPU.Build.0 = Debug|Any CPU
		{835BE4E7-1DA2-4AE3-9637-D84D572E6C64}.Release|Any CPU.ActiveCfg = Release|Any CPU
		{835BE4E7-1DA2-4AE3-9637-D84D572E6C64}.Release|Any CPU.Build.0 = Release|Any CPU
		{A796AD09-F651-4025-AA5E-807AE8E46CB2}.Debug|Any CPU.ActiveCfg = Debug|Any CPU
		{A796AD09-F651-4025-AA5E-807AE8E46CB2}.Debug|Any CPU.Build.0 = Debug|Any CPU
		{A796AD09-F651-4025-AA5E-807AE8E46CB2}.Release|Any CPU.ActiveCfg = Release|Any CPU
		{A796AD09-F651-4025-AA5E-807AE8E46CB2}.Release|Any CPU.Build.0 = Release|Any CPU
		{44C93EC0-A2A7-4FB3-B8DC-BCA78931A67D}.Debug|Any CPU.ActiveCfg = Debug|Any CPU
		{44C93EC0-A2A7-4FB3-B8DC-BCA78931A67D}.Debug|Any CPU.Build.0 = Debug|Any CPU
		{44C93EC0-A2A7-4FB3-B8DC-BCA78931A67D}.Release|Any CPU.ActiveCfg = Release|Any CPU
		{44C93EC0-A2A7-4FB3-B8DC-BCA78931A67D}.Release|Any CPU.Build.0 = Release|Any CPU
	EndGlobalSection
	GlobalSection(SolutionProperties) = preSolution
		HideSolutionNode = FALSE
	EndGlobalSection
	GlobalSection(ExtensibilityGlobals) = postSolution
		SolutionGuid = {F93DBF78-F46C-4FAF-8A64-C28A76A2D818}
	EndGlobalSection
EndGlobal
