
Microsoft Visual Studio Solution File, Format Version 12.00
# Visual Studio 15
VisualStudioVersion = 15.0.27004.2002
MinimumVisualStudioVersion = 10.0.40219.1
Project("{FAE04EC0-301F-11D3-BF4B-00C04F79EFBC}") = "ConsoleApp1", "ConsoleApp1\ConsoleApp1.csproj", "{98338EC5-D346-4B6E-85EC-9C7B8DA53EC3}"
EndProject
Project("{FAE04EC0-301F-11D3-BF4B-00C04F79EFBC}") = "WelcomeMessage", "WelcomeMessage\WelcomeMessage.csproj", "{8C454EF0-458A-4D1E-8310-640CAD42505A}"
EndProject
Project("{FAE04EC0-301F-11D3-BF4B-00C04F79EFBC}") = "Number Fun", "Number Fun\Number Fun.csproj", "{835BE4E7-1DA2-4AE3-9637-D84D572E6C64}"
EndProject
Project("{FAE04EC0-301F-11D3-BF4B-00C04F79EFBC}") = "PickADoor", "PickADoor\PickADoor.csproj", "{A796AD09-F651-4025-AA5E-807AE8E46CB2}"
EndProject
Project("{FAE04EC0-301F-11D3-BF4B-00C04F79EFBC}") = "AgeProgram", "AgeProgram\AgeProgram.csproj", "{44C93EC0-A2A7-4FB3-B8DC-BCA78931A67D}"
EndProject
Project("{FAE04EC0-301F-11D3-BF4B-00C04F79EFBC}") = "loops", "loops\loops.csproj", "{A3AE1BA2-6A0F-4453-A59D-F264C5B1DC09}"
EndProject
Project("{FAE04EC0-301F-11D3-BF4B-00C04F79EFBC}") = "GuessMyNumber", "GuessMyNumber\GuessMyNumber.csproj", "{9A8BA27D-C6BF-4A72-96C1-66213D729F82}"
EndProject
Project("{FAE04EC0-301F-11D3-BF4B-00C04F79EFBC}") = "AreaCalculator", "AreaCalculator\AreaCalculator.csproj", "{D4FB5646-AC68-452A-862F-C8D3C300179B}"
EndProject
Project("{FAE04EC0-301F-11D3-BF4B-00C04F79EFBC}") = "FizzBuzz", "FizzBuzz\FizzBuzz.csproj", "{98746CC3-2C7C-42E3-B379-5CFF878517C5}"
EndProject
Project("{FAE04EC0-301F-11D3-BF4B-00C04F79EFBC}") = "RockPaperScissors", "RockPaperScissors\RockPaperScissors.csproj", "{715E9E59-4044-4FFC-8988-9B061D6C1230}"
EndProject
Project("{FAE04EC0-301F-11D3-BF4B-00C04F79EFBC}") = "Magic8Ball", "Magic8Ball\Magic8Ball.csproj", "{561FFD2A-3A1E-4363-BD16-9BA13E534D9C}"
EndProject
Project("{FAE04EC0-301F-11D3-BF4B-00C04F79EFBC}") = "InsultGenerator", "InsultGenerator\InsultGenerator.csproj", "{4670A0A7-2ADC-4398-B12E-2231991CA761}"
EndProject
Project("{FAE04EC0-301F-11D3-BF4B-00C04F79EFBC}") = "MakeAPerson", "MakeAPerson\MakeAPerson.csproj", "{EFA555CA-C4EC-4C01-AD6C-4475F398D2B6}"
EndProject
Global
	GlobalSection(SolutionConfigurationPlatforms) = preSolution
		Debug|Any CPU = Debug|Any CPU
		Release|Any CPU = Release|Any CPU
	EndGlobalSection
	GlobalSection(ProjectConfigurationPlatforms) = postSolution
		{98338EC5-D346-4B6E-85EC-9C7B8DA53EC3}.Debug|Any CPU.ActiveCfg = Debug|Any CPU
		{98338EC5-D346-4B6E-85EC-9C7B8DA53EC3}.Debug|Any CPU.Build.0 = Debug|Any CPU
		{98338EC5-D346-4B6E-85EC-9C7B8DA53EC3}.Release|Any CPU.ActiveCfg = Release|Any CPU
		{98338EC5-D346-4B6E-85EC-9C7B8DA53EC3}.Release|Any CPU.Build.0 = Release|Any CPU
		{8C454EF0-458A-4D1E-8310-640CAD42505A}.Debug|Any CPU.ActiveCfg = Debug|Any CPU
		{8C454EF0-458A-4D1E-8310-640CAD42505A}.Debug|Any CPU.Build.0 = Debug|Any CPU
		{8C454EF0-458A-4D1E-8310-640CAD42505A}.Release|Any CPU.ActiveCfg = Release|Any CPU
		{8C454EF0-458A-4D1E-8310-640CAD42505A}.Release|Any CPU.Build.0 = Release|Any CPU
		{835BE4E7-1DA2-4AE3-9637-D84D572E6C64}.Debug|Any CPU.ActiveCfg = Debug|Any CPU
		{835BE4E7-1DA2-4AE3-9637-D84D572E6C64}.Debug|Any CPU.Build.0 = Debug|Any CPU
		{835BE4E7-1DA2-4AE3-9637-D84D572E6C64}.Release|Any CPU.ActiveCfg = Release|Any CPU
		{835BE4E7-1DA2-4AE3-9637-D84D572E6C64}.Release|Any CPU.Build.0 = Release|Any CPU
		{A796AD09-F651-4025-AA5E-807AE8E46CB2}.Debug|Any CPU.ActiveCfg = Debug|Any CPU
		{A796AD09-F651-4025-AA5E-807AE8E46CB2}.Debug|Any CPU.Build.0 = Debug|Any CPU
		{A796AD09-F651-4025-AA5E-807AE8E46CB2}.Release|Any CPU.ActiveCfg = Release|Any CPU
		{A796AD09-F651-4025-AA5E-807AE8E46CB2}.Release|Any CPU.Build.0 = Release|Any CPU
		{44C93EC0-A2A7-4FB3-B8DC-BCA78931A67D}.Debug|Any CPU.ActiveCfg = Debug|Any CPU
		{44C93EC0-A2A7-4FB3-B8DC-BCA78931A67D}.Debug|Any CPU.Build.0 = Debug|Any CPU
		{44C93EC0-A2A7-4FB3-B8DC-BCA78931A67D}.Release|Any CPU.ActiveCfg = Release|Any CPU
		{44C93EC0-A2A7-4FB3-B8DC-BCA78931A67D}.Release|Any CPU.Build.0 = Release|Any CPU
		{A3AE1BA2-6A0F-4453-A59D-F264C5B1DC09}.Debug|Any CPU.ActiveCfg = Debug|Any CPU
		{A3AE1BA2-6A0F-4453-A59D-F264C5B1DC09}.Debug|Any CPU.Build.0 = Debug|Any CPU
		{A3AE1BA2-6A0F-4453-A59D-F264C5B1DC09}.Release|Any CPU.ActiveCfg = Release|Any CPU
		{A3AE1BA2-6A0F-4453-A59D-F264C5B1DC09}.Release|Any CPU.Build.0 = Release|Any CPU
		{9A8BA27D-C6BF-4A72-96C1-66213D729F82}.Debug|Any CPU.ActiveCfg = Debug|Any CPU
		{9A8BA27D-C6BF-4A72-96C1-66213D729F82}.Debug|Any CPU.Build.0 = Debug|Any CPU
		{9A8BA27D-C6BF-4A72-96C1-66213D729F82}.Release|Any CPU.ActiveCfg = Release|Any CPU
		{9A8BA27D-C6BF-4A72-96C1-66213D729F82}.Release|Any CPU.Build.0 = Release|Any CPU
		{D4FB5646-AC68-452A-862F-C8D3C300179B}.Debug|Any CPU.ActiveCfg = Debug|Any CPU
		{D4FB5646-AC68-452A-862F-C8D3C300179B}.Debug|Any CPU.Build.0 = Debug|Any CPU
		{D4FB5646-AC68-452A-862F-C8D3C300179B}.Release|Any CPU.ActiveCfg = Release|Any CPU
		{D4FB5646-AC68-452A-862F-C8D3C300179B}.Release|Any CPU.Build.0 = Release|Any CPU
		{98746CC3-2C7C-42E3-B379-5CFF878517C5}.Debug|Any CPU.ActiveCfg = Debug|Any CPU
		{98746CC3-2C7C-42E3-B379-5CFF878517C5}.Debug|Any CPU.Build.0 = Debug|Any CPU
		{98746CC3-2C7C-42E3-B379-5CFF878517C5}.Release|Any CPU.ActiveCfg = Release|Any CPU
		{98746CC3-2C7C-42E3-B379-5CFF878517C5}.Release|Any CPU.Build.0 = Release|Any CPU
		{715E9E59-4044-4FFC-8988-9B061D6C1230}.Debug|Any CPU.ActiveCfg = Debug|Any CPU
		{715E9E59-4044-4FFC-8988-9B061D6C1230}.Debug|Any CPU.Build.0 = Debug|Any CPU
		{715E9E59-4044-4FFC-8988-9B061D6C1230}.Release|Any CPU.ActiveCfg = Release|Any CPU
		{715E9E59-4044-4FFC-8988-9B061D6C1230}.Release|Any CPU.Build.0 = Release|Any CPU
		{561FFD2A-3A1E-4363-BD16-9BA13E534D9C}.Debug|Any CPU.ActiveCfg = Debug|Any CPU
		{561FFD2A-3A1E-4363-BD16-9BA13E534D9C}.Debug|Any CPU.Build.0 = Debug|Any CPU
		{561FFD2A-3A1E-4363-BD16-9BA13E534D9C}.Release|Any CPU.ActiveCfg = Release|Any CPU
		{561FFD2A-3A1E-4363-BD16-9BA13E534D9C}.Release|Any CPU.Build.0 = Release|Any CPU
		{4670A0A7-2ADC-4398-B12E-2231991CA761}.Debug|Any CPU.ActiveCfg = Debug|Any CPU
		{4670A0A7-2ADC-4398-B12E-2231991CA761}.Debug|Any CPU.Build.0 = Debug|Any CPU
		{4670A0A7-2ADC-4398-B12E-2231991CA761}.Release|Any CPU.ActiveCfg = Release|Any CPU
		{4670A0A7-2ADC-4398-B12E-2231991CA761}.Release|Any CPU.Build.0 = Release|Any CPU
		{EFA555CA-C4EC-4C01-AD6C-4475F398D2B6}.Debug|Any CPU.ActiveCfg = Debug|Any CPU
		{EFA555CA-C4EC-4C01-AD6C-4475F398D2B6}.Debug|Any CPU.Build.0 = Debug|Any CPU
		{EFA555CA-C4EC-4C01-AD6C-4475F398D2B6}.Release|Any CPU.ActiveCfg = Release|Any CPU
		{EFA555CA-C4EC-4C01-AD6C-4475F398D2B6}.Release|Any CPU.Build.0 = Release|Any CPU
	EndGlobalSection
	GlobalSection(SolutionProperties) = preSolution
		HideSolutionNode = FALSE
	EndGlobalSection
	GlobalSection(ExtensibilityGlobals) = postSolution
		SolutionGuid = {F93DBF78-F46C-4FAF-8A64-C28A76A2D818}
	EndGlobalSection
EndGlobal
